github.com/gohugoio/hugoTestModules1_windows/modh2_1_1v v1.3.0/go.mod h1:yCEpSCd7d8bAA5UoStT8jyJw2D6KhAUoNnuCcRX5tuk=
github.com/gohugoio/hugoTestModules1_windows/modh2_1_2 v1.3.0/go.mod h1:eBMBkNrbjxm8DkBk9wrLW2P1CG9YwRHORG9YQxQMOmA=
github.com/gohugoio/hugoTestModules1_windows/modh2_1v v1.3.0 h1:rxODsr+NVTIvXVj/ZqVhLTZbd0hFYjOtvfdX0CRx8dg=
github.com/gohugoio/hugoTestModules1_windows/modh2_1v v1.3.0/go.mod h1:s7sKbs8UrRFg2COraJQLj2MPK5gpTzmXzVadNINWmCU=
github.com/gohugoio/hugoTestModules1_windows/modh2_2 v1.3.0 h1:B9uNJgdALIEggAm7zbWXPtEL/9yvXukgK4bfyXwqoMU=
github.com/gohugoio/hugoTestModules1_windows/modh2_2 v1.3.0/go.mod h1:pIWvSuKS5Gfgwm8Ua1xEaKvW6UC0atAD609KxLoBGTM=
github.com/gohugoio/hugoTestModules1_windows/modh2_2_1v v1.3.0/go.mod h1:PcQgvq670jzqYTSyYUOFPzIOFT9fQifw9MaTvMhHHsE=
github.com/gohugoio/hugoTestModules1_windows/modh2_2_2 v1.3.0/go.mod h1:tVdZ22s6FuFTYOfO+SscFjG+vQbc1iy0IPoTy4f2m5k=
