github.com/gohugoio/hugoTestModules1_windows v0.0.0-20201018084051-7fd5876e99cd h1:uuCi6Y6GReARNpPcCWOIwEEhgY9FMan3vkjMB4Ug/Pg=
github.com/gohugoio/hugoTestModules1_windows v0.0.0-20201018084109-66e3307f2e6f h1:6Rh8WbKztcsB0BCR31ugrmcXQbvn8I0AEVJBd5Rmkzs=
github.com/gohugoio/hugoTestModules1_windows v0.0.0-20201018084129-83e988821d7f h1:zVdXygpybvN1fSB1gq8ZZaB1idt+PiKzLt9axmKRIgs=
github.com/gohugoio/hugoTestModules1_windows v0.0.0-20201018084147-417527b50f81 h1:wTq5CsBw3wY9ZvfDdf3+b2P/bC0zuK10p0EsbeKp7nU=
github.com/gohugoio/hugoTestModules1_windows/modh2_1_1v v0.0.0-20201018084051-7fd5876e99cd h1:l9t3jIjd2Ja25nPQ7lOJyoyrPR7lMLRT5Rx/MrUDCPU=
github.com/gohugoio/hugoTestModules1_windows/modh2_1_1v v0.0.0-20201018084051-7fd5876e99cd/go.mod h1:yCEpSCd7d8bAA5UoStT8jyJw2D6KhAUoNnuCcRX5tuk=
github.com/gohugoio/hugoTestModules1_windows/modh2_1_1v v1.0.0/go.mod h1:yCEpSCd7d8bAA5UoStT8jyJw2D6KhAUoNnuCcRX5tuk=
github.com/gohugoio/hugoTestModules1_windows/modh2_1_1v v1.1.0/go.mod h1:yCEpSCd7d8bAA5UoStT8jyJw2D6KhAUoNnuCcRX5tuk=
github.com/gohugoio/hugoTestModules1_windows/modh2_1_1v v1.2.0/go.mod h1:yCEpSCd7d8bAA5UoStT8jyJw2D6KhAUoNnuCcRX5tuk=
github.com/gohugoio/hugoTestModules1_windows/modh2_1_2 v0.0.0-20201018084051-7fd5876e99cd h1:ChP+FNcnF/re19f4CMaURDGtWT4HDkAAnOKndhuKwN8=
github.com/gohugoio/hugoTestModules1_windows/modh2_1_2 v0.0.0-20201018084051-7fd5876e99cd/go.mod h1:eBMBkNrbjxm8DkBk9wrLW2P1CG9YwRHORG9YQxQMOmA=
github.com/gohugoio/hugoTestModules1_windows/modh2_1_2 v1.0.0/go.mod h1:eBMBkNrbjxm8DkBk9wrLW2P1CG9YwRHORG9YQxQMOmA=
github.com/gohugoio/hugoTestModules1_windows/modh2_1_2 v1.1.0/go.mod h1:eBMBkNrbjxm8DkBk9wrLW2P1CG9YwRHORG9YQxQMOmA=
github.com/gohugoio/hugoTestModules1_windows/modh2_1_2 v1.2.0/go.mod h1:eBMBkNrbjxm8DkBk9wrLW2P1CG9YwRHORG9YQxQMOmA=
github.com/gohugoio/hugoTestModules1_windows/modh2_1v v0.0.0-20201018084051-7fd5876e99cd h1:10AHEyzFxt8AWC8/u7RO7bVcTXLEwj4fY4xSr6dWros=
github.com/gohugoio/hugoTestModules1_windows/modh2_1v v0.0.0-20201018084051-7fd5876e99cd/go.mod h1:TamgoGBeNK4Y7NPW/yFnogytYZ9LRHD8HqWZl5M6FdM=
github.com/gohugoio/hugoTestModules1_windows/modh2_1v v1.0.0 h1:73milgJTzEl2HgHX599aUOReP+vlQ8NAzqw2MDuNPuA=
github.com/gohugoio/hugoTestModules1_windows/modh2_1v v1.0.0/go.mod h1:oWR/5f9eS7T3fkI3lrGwngWqWHFj1SIk5aupe6DAB88=
github.com/gohugoio/hugoTestModules1_windows/modh2_1v v1.1.0 h1:qomsiu7ouf/vIIs6a72frA8FguImrtWQ/WJ6Xed17Lw=
github.com/gohugoio/hugoTestModules1_windows/modh2_1v v1.1.0/go.mod h1:uZjMKDTz4CPlto2E70vGLU20LiUe8GCvRcESlOIMngg=
github.com/gohugoio/hugoTestModules1_windows/modh2_1v v1.2.0 h1:y4RamfSsioMyyV4nTmoV8LXZeSE1vGclHfe7AumsqgE=
github.com/gohugoio/hugoTestModules1_windows/modh2_1v v1.2.0/go.mod h1:lcoCFc/RZ8TD/0F+hhVpMQlcqdta6qRVwrXeOujDD0s=
github.com/gohugoio/hugoTestModules1_windows/modh2_2 v0.0.0-20201018084051-7fd5876e99cd h1:DpuotksJBQwUY3NBV9eX7hgVdZex5osNdV8mTplUgvI=
github.com/gohugoio/hugoTestModules1_windows/modh2_2 v0.0.0-20201018084051-7fd5876e99cd/go.mod h1:U/uOvGGmhFMDKjKcEifAqD8bJVOB7pKl5mQzpGUPQVQ=
github.com/gohugoio/hugoTestModules1_windows/modh2_2 v1.0.0 h1:C4JS78xt79zJ/pq+30OHEx9/C81VWE3v7DbLCxnGHMU=
github.com/gohugoio/hugoTestModules1_windows/modh2_2 v1.0.0/go.mod h1:NwgYkZ5sEH5LctMGpNKzr0JW/nhONJaQfWbgaUNbqzg=
github.com/gohugoio/hugoTestModules1_windows/modh2_2 v1.1.0 h1:R1alokf86knYqJeybY2Bl51cigsyDOwgukZ+AtJ3+2w=
github.com/gohugoio/hugoTestModules1_windows/modh2_2 v1.1.0/go.mod h1:uTqhz/didbMSDnEh9CxK5s/F/PD8HnL5Q+NH/+qQODQ=
github.com/gohugoio/hugoTestModules1_windows/modh2_2 v1.2.0 h1:mXI6KXNC1FZDbDP6yIykj0eMe95h44ja2QoYA2s4DEo=
github.com/gohugoio/hugoTestModules1_windows/modh2_2 v1.2.0/go.mod h1:dx5GTWuKn9x0qrRau5GVCBNOY7gkvFhr6wMXBaNtiow=
github.com/gohugoio/hugoTestModules1_windows/modh2_2_1v v0.0.0-20201018084051-7fd5876e99cd h1:TfnW/OZjJfEs+6H0k/LtxNGR/p+mYwvwPkPtbcAnEiM=
github.com/gohugoio/hugoTestModules1_windows/modh2_2_1v v0.0.0-20201018084051-7fd5876e99cd/go.mod h1:PcQgvq670jzqYTSyYUOFPzIOFT9fQifw9MaTvMhHHsE=
github.com/gohugoio/hugoTestModules1_windows/modh2_2_1v v1.0.0/go.mod h1:PcQgvq670jzqYTSyYUOFPzIOFT9fQifw9MaTvMhHHsE=
github.com/gohugoio/hugoTestModules1_windows/modh2_2_1v v1.1.0/go.mod h1:PcQgvq670jzqYTSyYUOFPzIOFT9fQifw9MaTvMhHHsE=
github.com/gohugoio/hugoTestModules1_windows/modh2_2_1v v1.2.0/go.mod h1:PcQgvq670jzqYTSyYUOFPzIOFT9fQifw9MaTvMhHHsE=
github.com/gohugoio/hugoTestModules1_windows/modh2_2_2 v0.0.0-20201018084051-7fd5876e99cd h1:IQX7SiVqckwys2M+dWT+F9sq2taaRfiHF2uZfARrQak=
github.com/gohugoio/hugoTestModules1_windows/modh2_2_2 v0.0.0-20201018084051-7fd5876e99cd/go.mod h1:tVdZ22s6FuFTYOfO+SscFjG+vQbc1iy0IPoTy4f2m5k=
github.com/gohugoio/hugoTestModules1_windows/modh2_2_2 v1.0.0/go.mod h1:tVdZ22s6FuFTYOfO+SscFjG+vQbc1iy0IPoTy4f2m5k=
github.com/gohugoio/hugoTestModules1_windows/modh2_2_2 v1.1.0/go.mod h1:tVdZ22s6FuFTYOfO+SscFjG+vQbc1iy0IPoTy4f2m5k=
github.com/gohugoio/hugoTestModules1_windows/modh2_2_2 v1.2.0/go.mod h1:tVdZ22s6FuFTYOfO+SscFjG+vQbc1iy0IPoTy4f2m5k=
