github.com/gohugoio/hugoTestModules1_windows/modh2_2_1v v1.3.0 h1:X6Wv61dsiTvDHUkTAYqeRNkWAhST734b6WHhCNYTn8Q=
github.com/gohugoio/hugoTestModules1_windows/modh2_2_1v v1.3.0/go.mod h1:PcQgvq670jzqYTSyYUOFPzIOFT9fQifw9MaTvMhHHsE=
github.com/gohugoio/hugoTestModules1_windows/modh2_2_2 v1.3.0 h1:LawVOkyNI6/ibuxwlJeyzKICX7FiE4BsCBDQbDKMulU=
github.com/gohugoio/hugoTestModules1_windows/modh2_2_2 v1.3.0/go.mod h1:tVdZ22s6FuFTYOfO+SscFjG+vQbc1iy0IPoTy4f2m5k=
