github.com/gohugoio/hugoTestModules1_windows v0.0.0-20201018084051-7fd5876e99cd h1:uuCi6Y6GReARNpPcCWOIwEEhgY9FMan3vkjMB4Ug/Pg=
github.com/gohugoio/hugoTestModules1_windows v0.0.0-20201018084109-66e3307f2e6f h1:6Rh8WbKztcsB0BCR31ugrmcXQbvn8I0AEVJBd5Rmkzs=
github.com/gohugoio/hugoTestModules1_windows v0.0.0-20201018084129-83e988821d7f h1:zVdXygpybvN1fSB1gq8ZZaB1idt+PiKzLt9axmKRIgs=
github.com/gohugoio/hugoTestModules1_windows v0.0.0-20201018084147-417527b50f81 h1:wTq5CsBw3wY9ZvfDdf3+b2P/bC0zuK10p0EsbeKp7nU=
github.com/gohugoio/hugoTestModules1_windows v0.0.0-20201018084206-bd274929b5ea h1:apBMF8TTfseRHUpMrmcN5JJScILnckT4hTF1nxLPkqc=
github.com/gohugoio/hugoTestModules1_windows/modh2_2_1v v0.0.0-20201018084051-7fd5876e99cd h1:TfnW/OZjJfEs+6H0k/LtxNGR/p+mYwvwPkPtbcAnEiM=
github.com/gohugoio/hugoTestModules1_windows/modh2_2_1v v0.0.0-20201018084051-7fd5876e99cd/go.mod h1:PcQgvq670jzqYTSyYUOFPzIOFT9fQifw9MaTvMhHHsE=
github.com/gohugoio/hugoTestModules1_windows/modh2_2_1v v1.0.0 h1:eyg2TFtToavFzRIM/wRmjGIcDrJRMglX0RiXvM7ih88=
github.com/gohugoio/hugoTestModules1_windows/modh2_2_1v v1.0.0/go.mod h1:PcQgvq670jzqYTSyYUOFPzIOFT9fQifw9MaTvMhHHsE=
github.com/gohugoio/hugoTestModules1_windows/modh2_2_1v v1.1.0 h1:gmmHv3krtby6FtwdajVR0gDeO1pN5a6DBuWUlA7GlYo=
github.com/gohugoio/hugoTestModules1_windows/modh2_2_1v v1.1.0/go.mod h1:PcQgvq670jzqYTSyYUOFPzIOFT9fQifw9MaTvMhHHsE=
github.com/gohugoio/hugoTestModules1_windows/modh2_2_1v v1.2.0 h1:ma6p6mT714YNbI3ufmZyW+3xqLPKh1AsZFnc1fbX6NU=
github.com/gohugoio/hugoTestModules1_windows/modh2_2_1v v1.2.0/go.mod h1:PcQgvq670jzqYTSyYUOFPzIOFT9fQifw9MaTvMhHHsE=
github.com/gohugoio/hugoTestModules1_windows/modh2_2_1v v1.3.0 h1:X6Wv61dsiTvDHUkTAYqeRNkWAhST734b6WHhCNYTn8Q=
github.com/gohugoio/hugoTestModules1_windows/modh2_2_1v v1.3.0/go.mod h1:PcQgvq670jzqYTSyYUOFPzIOFT9fQifw9MaTvMhHHsE=
github.com/gohugoio/hugoTestModules1_windows/modh2_2_2 v0.0.0-20201018084051-7fd5876e99cd h1:IQX7SiVqckwys2M+dWT+F9sq2taaRfiHF2uZfARrQak=
github.com/gohugoio/hugoTestModules1_windows/modh2_2_2 v0.0.0-20201018084051-7fd5876e99cd/go.mod h1:tVdZ22s6FuFTYOfO+SscFjG+vQbc1iy0IPoTy4f2m5k=
github.com/gohugoio/hugoTestModules1_windows/modh2_2_2 v1.0.0 h1:Wn5mfldF1577U6N5/ZU6JjQyzipNRjk9yeXoxq8JyCo=
github.com/gohugoio/hugoTestModules1_windows/modh2_2_2 v1.0.0/go.mod h1:tVdZ22s6FuFTYOfO+SscFjG+vQbc1iy0IPoTy4f2m5k=
github.com/gohugoio/hugoTestModules1_windows/modh2_2_2 v1.1.0 h1:pBh2rgTr4qewGjcG7RpcF/52N3FfUf+/84pxLPJ+KOI=
github.com/gohugoio/hugoTestModules1_windows/modh2_2_2 v1.1.0/go.mod h1:tVdZ22s6FuFTYOfO+SscFjG+vQbc1iy0IPoTy4f2m5k=
github.com/gohugoio/hugoTestModules1_windows/modh2_2_2 v1.2.0 h1:D0S+fy4vF61FVTuI9unRDTeSJTJBvZeY6bwn8+nNojQ=
github.com/gohugoio/hugoTestModules1_windows/modh2_2_2 v1.2.0/go.mod h1:tVdZ22s6FuFTYOfO+SscFjG+vQbc1iy0IPoTy4f2m5k=
github.com/gohugoio/hugoTestModules1_windows/modh2_2_2 v1.3.0 h1:LawVOkyNI6/ibuxwlJeyzKICX7FiE4BsCBDQbDKMulU=
github.com/gohugoio/hugoTestModules1_windows/modh2_2_2 v1.3.0/go.mod h1:tVdZ22s6FuFTYOfO+SscFjG+vQbc1iy0IPoTy4f2m5k=
