github.com/gohugoio/hugoTestModules1_windows v0.0.0-20201018084051-7fd5876e99cd h1:uuCi6Y6GReARNpPcCWOIwEEhgY9FMan3vkjMB4Ug/Pg=
github.com/gohugoio/hugoTestModules1_windows v0.0.0-20201018084109-66e3307f2e6f h1:6Rh8WbKztcsB0BCR31ugrmcXQbvn8I0AEVJBd5Rmkzs=
github.com/gohugoio/hugoTestModules1_windows v0.0.0-20201018084129-83e988821d7f h1:zVdXygpybvN1fSB1gq8ZZaB1idt+PiKzLt9axmKRIgs=
github.com/gohugoio/hugoTestModules1_windows/modh1_1_1v v0.0.0-20201018084051-7fd5876e99cd h1:XH/l0ApbEPplqaAKzsSzCEOqo28Nxs9zoJ2C+gCOZt0=
github.com/gohugoio/hugoTestModules1_windows/modh1_1_1v v0.0.0-20201018084051-7fd5876e99cd/go.mod h1:CyZviR3z0StWF/jh9NpH12iekoOqoZIIQOrs0b8fD1c=
github.com/gohugoio/hugoTestModules1_windows/modh1_1_1v v1.0.0/go.mod h1:CyZviR3z0StWF/jh9NpH12iekoOqoZIIQOrs0b8fD1c=
github.com/gohugoio/hugoTestModules1_windows/modh1_1_1v v1.1.0/go.mod h1:CyZviR3z0StWF/jh9NpH12iekoOqoZIIQOrs0b8fD1c=
github.com/gohugoio/hugoTestModules1_windows/modh1_1_2 v0.0.0-20201018084051-7fd5876e99cd h1:KzKEAmKDd+fJesJCEipK8ZCb3o7tApPm+GiOSgtb6L8=
github.com/gohugoio/hugoTestModules1_windows/modh1_1_2 v0.0.0-20201018084051-7fd5876e99cd/go.mod h1:DgP0rJA5SZY9V7RxDveuHgLmYrf8aWL+wPiy5eMgKM0=
github.com/gohugoio/hugoTestModules1_windows/modh1_1_2 v1.0.0/go.mod h1:DgP0rJA5SZY9V7RxDveuHgLmYrf8aWL+wPiy5eMgKM0=
github.com/gohugoio/hugoTestModules1_windows/modh1_1_2 v1.1.0/go.mod h1:DgP0rJA5SZY9V7RxDveuHgLmYrf8aWL+wPiy5eMgKM0=
github.com/gohugoio/hugoTestModules1_windows/modh1_1v v0.0.0-20201018084051-7fd5876e99cd h1:mw5wWLAgD0+/R+YHSKBRBJbWVY90TBrFww1yLso6dT8=
github.com/gohugoio/hugoTestModules1_windows/modh1_1v v0.0.0-20201018084051-7fd5876e99cd/go.mod h1:/KZulj9ZZAKjlOvb2oNpuq0eOn7sVeWsOVUGj38Ufjw=
github.com/gohugoio/hugoTestModules1_windows/modh1_1v v1.0.0 h1:dpVUnha1KkRa4xQl8kEmhDiljxJBawMCTqkvq/T3Hm4=
github.com/gohugoio/hugoTestModules1_windows/modh1_1v v1.0.0/go.mod h1:3EJNJ0UMSjQiIxam41GSGM5fXNw2hhwZ4NjI0Q3hFrA=
github.com/gohugoio/hugoTestModules1_windows/modh1_1v v1.1.0 h1:MTZZDsJiViOKHH1DI7KysJ6LP9vvDrv6Ra2IT2+Y6fs=
github.com/gohugoio/hugoTestModules1_windows/modh1_1v v1.1.0/go.mod h1:TK4KMMehDbKfZO97+FQdBn6DvIJayVVill90hDX0nXE=
github.com/gohugoio/hugoTestModules1_windows/modh1_2 v0.0.0-20201018084051-7fd5876e99cd h1:KKVeHwmLtj7aSY1gpFzgsEkHbvV8gluO3jZCyrT/z1Q=
github.com/gohugoio/hugoTestModules1_windows/modh1_2 v0.0.0-20201018084051-7fd5876e99cd/go.mod h1:JSXEN6hOWhfeHZEpGIKGPqSPfi1xJ0ttcYKul47HAoY=
github.com/gohugoio/hugoTestModules1_windows/modh1_2 v1.0.0 h1:HCb2a2AZ6iQY331XNZg6/3kydWquIdlowCFPGWpqysQ=
github.com/gohugoio/hugoTestModules1_windows/modh1_2 v1.0.0/go.mod h1:AaE/CkvWiwARqQmgFwk9Q0cPI2DLQemcb3iiCNqCfzQ=
github.com/gohugoio/hugoTestModules1_windows/modh1_2 v1.1.0 h1:9gts1dF2s7ElB/fg2ZOV7xNDx6yapmOMl2hQTOl8Ohg=
github.com/gohugoio/hugoTestModules1_windows/modh1_2 v1.1.0/go.mod h1:0bDRTEanOZcednso7LaasUor6r7sEOEUSCmHZguPv6k=
github.com/gohugoio/hugoTestModules1_windows/modh1_2_1v v0.0.0-20201018084051-7fd5876e99cd h1:00Bdqr04TIWdD6fKeaAV86VaWEnLZfGMBKsitXIU8mc=
github.com/gohugoio/hugoTestModules1_windows/modh1_2_1v v0.0.0-20201018084051-7fd5876e99cd/go.mod h1:bHsIdUayoLzIMh/wJMK3LdJ7rtYDXDUNjohXuHkAibE=
github.com/gohugoio/hugoTestModules1_windows/modh1_2_1v v1.0.0/go.mod h1:bHsIdUayoLzIMh/wJMK3LdJ7rtYDXDUNjohXuHkAibE=
github.com/gohugoio/hugoTestModules1_windows/modh1_2_1v v1.1.0/go.mod h1:bHsIdUayoLzIMh/wJMK3LdJ7rtYDXDUNjohXuHkAibE=
github.com/gohugoio/hugoTestModules1_windows/modh1_2_2 v0.0.0-20201018084051-7fd5876e99cd h1:m8zilSD7aAi8o7gc/z8gi5wJa4eSVcHYfbUqHnSmv04=
github.com/gohugoio/hugoTestModules1_windows/modh1_2_2 v0.0.0-20201018084051-7fd5876e99cd/go.mod h1:z1xZcnEncnU/yqBbmSAgjcl8QZl3dh4k/pt+4hH5TmM=
github.com/gohugoio/hugoTestModules1_windows/modh1_2_2 v1.0.0/go.mod h1:z1xZcnEncnU/yqBbmSAgjcl8QZl3dh4k/pt+4hH5TmM=
github.com/gohugoio/hugoTestModules1_windows/modh1_2_2 v1.1.0/go.mod h1:z1xZcnEncnU/yqBbmSAgjcl8QZl3dh4k/pt+4hH5TmM=
