github.com/gohugoio/hugoTestModules1_windows/modh1_1_1v v1.3.0/go.mod h1:CyZviR3z0StWF/jh9NpH12iekoOqoZIIQOrs0b8fD1c=
github.com/gohugoio/hugoTestModules1_windows/modh1_1_2 v1.3.0/go.mod h1:DgP0rJA5SZY9V7RxDveuHgLmYrf8aWL+wPiy5eMgKM0=
github.com/gohugoio/hugoTestModules1_windows/modh1_1v v1.3.0 h1:URW2i8+8keZh5NB9wzgDFJWEnCpZFErKmB2U0sd4/Bg=
github.com/gohugoio/hugoTestModules1_windows/modh1_1v v1.3.0/go.mod h1:GOvkHIujDPGoxTDeg72XzF+lRuJSKVRxl03slv848+g=
github.com/gohugoio/hugoTestModules1_windows/modh1_2 v1.3.0 h1:PB+deXj4yip8akqRuCTNM94pukTbBYGj2lbSKJ6iyxk=
github.com/gohugoio/hugoTestModules1_windows/modh1_2 v1.3.0/go.mod h1:JOgZu8UjgLVnP/nnkSLQIgRh4YBjo4mLYvMrk1QTdi4=
github.com/gohugoio/hugoTestModules1_windows/modh1_2_1v v1.3.0/go.mod h1:bHsIdUayoLzIMh/wJMK3LdJ7rtYDXDUNjohXuHkAibE=
github.com/gohugoio/hugoTestModules1_windows/modh1_2_2 v1.3.0/go.mod h1:z1xZcnEncnU/yqBbmSAgjcl8QZl3dh4k/pt+4hH5TmM=
