github.com/gohugoio/hugoTestModules1_windows/modh1_1_1v v1.3.0 h1:nDtd7nR9QBccxTKIRwFS2JpiP5Tn2XUBvB7qANAcRzU=
github.com/gohugoio/hugoTestModules1_windows/modh1_1_1v v1.3.0/go.mod h1:CyZviR3z0StWF/jh9NpH12iekoOqoZIIQOrs0b8fD1c=
github.com/gohugoio/hugoTestModules1_windows/modh1_1_2 v1.3.0 h1:HISNTlkB+4vylB5sUgpRj8/YZS6TrhFz8GqVdEyz8+Q=
github.com/gohugoio/hugoTestModules1_windows/modh1_1_2 v1.3.0/go.mod h1:DgP0rJA5SZY9V7RxDveuHgLmYrf8aWL+wPiy5eMgKM0=
