github.com/gohugoio/hugoTestModules1_windows v0.0.0-20201018084051-7fd5876e99cd h1:uuCi6Y6GReARNpPcCWOIwEEhgY9FMan3vkjMB4Ug/Pg=
github.com/gohugoio/hugoTestModules1_windows v0.0.0-20201018084109-66e3307f2e6f h1:6Rh8WbKztcsB0BCR31ugrmcXQbvn8I0AEVJBd5Rmkzs=
github.com/gohugoio/hugoTestModules1_windows v0.0.0-20201018084129-83e988821d7f h1:zVdXygpybvN1fSB1gq8ZZaB1idt+PiKzLt9axmKRIgs=
github.com/gohugoio/hugoTestModules1_windows v0.0.0-20201018084147-417527b50f81 h1:wTq5CsBw3wY9ZvfDdf3+b2P/bC0zuK10p0EsbeKp7nU=
github.com/gohugoio/hugoTestModules1_windows v0.0.0-20201018084206-bd274929b5ea h1:apBMF8TTfseRHUpMrmcN5JJScILnckT4hTF1nxLPkqc=
github.com/gohugoio/hugoTestModules1_windows/modh1_1_1v v0.0.0-20201018084051-7fd5876e99cd h1:XH/l0ApbEPplqaAKzsSzCEOqo28Nxs9zoJ2C+gCOZt0=
github.com/gohugoio/hugoTestModules1_windows/modh1_1_1v v0.0.0-20201018084051-7fd5876e99cd/go.mod h1:CyZviR3z0StWF/jh9NpH12iekoOqoZIIQOrs0b8fD1c=
github.com/gohugoio/hugoTestModules1_windows/modh1_1_1v v1.0.0 h1:f71TtloXaWiHvDkO/mk3uEIcxcWhHVm5Vf6C2vyIOFE=
github.com/gohugoio/hugoTestModules1_windows/modh1_1_1v v1.0.0/go.mod h1:CyZviR3z0StWF/jh9NpH12iekoOqoZIIQOrs0b8fD1c=
github.com/gohugoio/hugoTestModules1_windows/modh1_1_1v v1.1.0 h1:LTNZ678NEuC7KH9Vbac1olVDPXkozZSjNf7eVjwoEP8=
github.com/gohugoio/hugoTestModules1_windows/modh1_1_1v v1.1.0/go.mod h1:CyZviR3z0StWF/jh9NpH12iekoOqoZIIQOrs0b8fD1c=
github.com/gohugoio/hugoTestModules1_windows/modh1_1_1v v1.2.0 h1:5Xo5I3l7bt1vmOCx4AzDCCwahtP0fwx8rOwNSN2ISHg=
github.com/gohugoio/hugoTestModules1_windows/modh1_1_1v v1.2.0/go.mod h1:CyZviR3z0StWF/jh9NpH12iekoOqoZIIQOrs0b8fD1c=
github.com/gohugoio/hugoTestModules1_windows/modh1_1_1v v1.3.0 h1:nDtd7nR9QBccxTKIRwFS2JpiP5Tn2XUBvB7qANAcRzU=
github.com/gohugoio/hugoTestModules1_windows/modh1_1_1v v1.3.0/go.mod h1:CyZviR3z0StWF/jh9NpH12iekoOqoZIIQOrs0b8fD1c=
github.com/gohugoio/hugoTestModules1_windows/modh1_1_2 v0.0.0-20201018084051-7fd5876e99cd h1:KzKEAmKDd+fJesJCEipK8ZCb3o7tApPm+GiOSgtb6L8=
github.com/gohugoio/hugoTestModules1_windows/modh1_1_2 v0.0.0-20201018084051-7fd5876e99cd/go.mod h1:DgP0rJA5SZY9V7RxDveuHgLmYrf8aWL+wPiy5eMgKM0=
github.com/gohugoio/hugoTestModules1_windows/modh1_1_2 v1.0.0 h1:zCp9srsZSayQ2+Y/7vFTmRESFC9f050Bi/uqnO7sSeg=
github.com/gohugoio/hugoTestModules1_windows/modh1_1_2 v1.0.0/go.mod h1:DgP0rJA5SZY9V7RxDveuHgLmYrf8aWL+wPiy5eMgKM0=
github.com/gohugoio/hugoTestModules1_windows/modh1_1_2 v1.1.0 h1:5BAzYEHRqUI3+Mj81Y0LygjZ+DQYeymrWYJwGonu1mI=
github.com/gohugoio/hugoTestModules1_windows/modh1_1_2 v1.1.0/go.mod h1:DgP0rJA5SZY9V7RxDveuHgLmYrf8aWL+wPiy5eMgKM0=
github.com/gohugoio/hugoTestModules1_windows/modh1_1_2 v1.2.0 h1:VeMeKHB8gGkU5kVAK2Nj/qd978r5eUtkQhNTQQOqstk=
github.com/gohugoio/hugoTestModules1_windows/modh1_1_2 v1.2.0/go.mod h1:DgP0rJA5SZY9V7RxDveuHgLmYrf8aWL+wPiy5eMgKM0=
github.com/gohugoio/hugoTestModules1_windows/modh1_1_2 v1.3.0 h1:HISNTlkB+4vylB5sUgpRj8/YZS6TrhFz8GqVdEyz8+Q=
github.com/gohugoio/hugoTestModules1_windows/modh1_1_2 v1.3.0/go.mod h1:DgP0rJA5SZY9V7RxDveuHgLmYrf8aWL+wPiy5eMgKM0=
