github.com/gohugoio/hugoTestModules1_windows/modh1_2_1v v1.3.0 h1:71h8mDHXg7qNm8XcZIEfy1qbnbZ1iI/uYCP4UMzKw3w=
github.com/gohugoio/hugoTestModules1_windows/modh1_2_1v v1.3.0/go.mod h1:bHsIdUayoLzIMh/wJMK3LdJ7rtYDXDUNjohXuHkAibE=
github.com/gohugoio/hugoTestModules1_windows/modh1_2_2 v1.3.0 h1:pIhW4wyUiiNrO5F6BewMNIel7TtFofVGpZRNzkpGjDM=
github.com/gohugoio/hugoTestModules1_windows/modh1_2_2 v1.3.0/go.mod h1:z1xZcnEncnU/yqBbmSAgjcl8QZl3dh4k/pt+4hH5TmM=
