github.com/gohugoio/hugoTestModules1_windows v0.0.0-20201018084051-7fd5876e99cd h1:uuCi6Y6GReARNpPcCWOIwEEhgY9FMan3vkjMB4Ug/Pg=
github.com/gohugoio/hugoTestModules1_windows v0.0.0-20201018084109-66e3307f2e6f h1:6Rh8WbKztcsB0BCR31ugrmcXQbvn8I0AEVJBd5Rmkzs=
github.com/gohugoio/hugoTestModules1_windows/modh2_1_1v v0.0.0-20201018084051-7fd5876e99cd h1:l9t3jIjd2Ja25nPQ7lOJyoyrPR7lMLRT5Rx/MrUDCPU=
github.com/gohugoio/hugoTestModules1_windows/modh2_1_1v v0.0.0-20201018084051-7fd5876e99cd/go.mod h1:yCEpSCd7d8bAA5UoStT8jyJw2D6KhAUoNnuCcRX5tuk=
github.com/gohugoio/hugoTestModules1_windows/modh2_1_1v v1.0.0 h1:DVBT93vAstk926eVpzcjL8+u64S3su96lCVIXpzBrTE=
github.com/gohugoio/hugoTestModules1_windows/modh2_1_1v v1.0.0/go.mod h1:yCEpSCd7d8bAA5UoStT8jyJw2D6KhAUoNnuCcRX5tuk=
github.com/gohugoio/hugoTestModules1_windows/modh2_1_2 v0.0.0-20201018084051-7fd5876e99cd h1:ChP+FNcnF/re19f4CMaURDGtWT4HDkAAnOKndhuKwN8=
github.com/gohugoio/hugoTestModules1_windows/modh2_1_2 v0.0.0-20201018084051-7fd5876e99cd/go.mod h1:eBMBkNrbjxm8DkBk9wrLW2P1CG9YwRHORG9YQxQMOmA=
github.com/gohugoio/hugoTestModules1_windows/modh2_1_2 v1.0.0 h1:oTgn4LIGP6oz9rmSKEB0YvW54T6rtX91Vr6H+BDvUS4=
github.com/gohugoio/hugoTestModules1_windows/modh2_1_2 v1.0.0/go.mod h1:eBMBkNrbjxm8DkBk9wrLW2P1CG9YwRHORG9YQxQMOmA=
